
Microsoft Visual Studio Solution File, Format Version 12.00
# Visual Studio Version 17
VisualStudioVersion = 17.14.35821.62 d17.14
MinimumVisualStudioVersion = 10.0.40219.1
Project("{FAE04EC0-301F-11D3-BF4B-00C04F79EFBC}") = "ConsoleApp9", "ConsoleApp9\ConsoleApp9.csproj", "{7D82A6E7-F7F9-43AE-ACFB-A77B74C22E6F}"
EndProject
Global
	GlobalSection(SolutionConfigurationPlatforms) = preSolution
		Debug|Any CPU = Debug|Any CPU
		Release|Any CPU = Release|Any CPU
	EndGlobalSection
	GlobalSection(ProjectConfigurationPlatforms) = postSolution
		{7D82A6E7-F7F9-43AE-ACFB-A77B74C22E6F}.Debug|Any CPU.ActiveCfg = Debug|Any CPU
		{7D82A6E7-F7F9-43AE-ACFB-A77B74C22E6F}.Debug|Any CPU.Build.0 = Debug|Any CPU
		{7D82A6E7-F7F9-43AE-ACFB-A77B74C22E6F}.Release|Any CPU.ActiveCfg = Release|Any CPU
		{7D82A6E7-F7F9-43AE-ACFB-A77B74C22E6F}.Release|Any CPU.Build.0 = Release|Any CPU
	EndGlobalSection
	GlobalSection(SolutionProperties) = preSolution
		HideSolutionNode = FALSE
	EndGlobalSection
	GlobalSection(ExtensibilityGlobals) = postSolution
		SolutionGuid = {6DBFE623-7587-4468-B738-DA94B22683EE}
	EndGlobalSection
EndGlobal
